
Microsoft Visual Studio Solution File, Format Version 12.00
# Visual Studio 15
VisualStudioVersion = 15.0.28307.271
MinimumVisualStudioVersion = 10.0.40219.1
Project("{FAE04EC0-301F-11D3-BF4B-00C04F79EFBC}") = "aquaclean-uwp-app", "aquaclean-uwp-app\aquaclean-uwp-app.csproj", "{03EBE3AE-CC05-4FD5-A7DD-B0A472E312CD}"
EndProject
Project("{FAE04EC0-301F-11D3-BF4B-00C04F79EFBC}") = "aquaclean-uwp-bluetooth-le", "aquaclean-uwp-bluetooth-le\aquaclean-uwp-bluetooth-le.csproj", "{9485D213-A1C5-48D6-857F-19BC72AE7253}"
EndProject
Project("{9A19103F-16F7-4668-BE54-9A1E7A4F7556}") = "aquaclean-core", "aquaclean-core\aquaclean-core.csproj", "{F0D53AD1-5442-4224-9BAE-B4A2A4384D7E}"
EndProject
Project("{9A19103F-16F7-4668-BE54-9A1E7A4F7556}") = "aquaclean-core-tests", "aquaclean-core-tests\aquaclean-core-tests.csproj", "{29DF246E-83BA-4BB6-BAB8-E4EE6F7DF67F}"
EndProject
Project("{2150E333-8FDC-42A3-9474-1A3956D46DE8}") = "Solution Items", "Solution Items", "{4B046279-7BAB-41E9-A91F-C1388D072F8F}"
	ProjectSection(SolutionItems) = preProject
		Log.txt = Log.txt
		README.md = README.md
	EndProjectSection
EndProject
Global
	GlobalSection(SolutionConfigurationPlatforms) = preSolution
		Debug|Any CPU = Debug|Any CPU
		Debug|ARM = Debug|ARM
		Debug|ARM64 = Debug|ARM64
		Debug|x64 = Debug|x64
		Debug|x86 = Debug|x86
		Release|Any CPU = Release|Any CPU
		Release|ARM = Release|ARM
		Release|ARM64 = Release|ARM64
		Release|x64 = Release|x64
		Release|x86 = Release|x86
	EndGlobalSection
	GlobalSection(ProjectConfigurationPlatforms) = postSolution
		{03EBE3AE-CC05-4FD5-A7DD-B0A472E312CD}.Debug|Any CPU.ActiveCfg = Debug|x86
		{03EBE3AE-CC05-4FD5-A7DD-B0A472E312CD}.Debug|ARM.ActiveCfg = Debug|ARM
		{03EBE3AE-CC05-4FD5-A7DD-B0A472E312CD}.Debug|ARM.Build.0 = Debug|ARM
		{03EBE3AE-CC05-4FD5-A7DD-B0A472E312CD}.Debug|ARM.Deploy.0 = Debug|ARM
		{03EBE3AE-CC05-4FD5-A7DD-B0A472E312CD}.Debug|ARM64.ActiveCfg = Debug|ARM64
		{03EBE3AE-CC05-4FD5-A7DD-B0A472E312CD}.Debug|ARM64.Build.0 = Debug|ARM64
		{03EBE3AE-CC05-4FD5-A7DD-B0A472E312CD}.Debug|ARM64.Deploy.0 = Debug|ARM64
		{03EBE3AE-CC05-4FD5-A7DD-B0A472E312CD}.Debug|x64.ActiveCfg = Debug|x64
		{03EBE3AE-CC05-4FD5-A7DD-B0A472E312CD}.Debug|x64.Build.0 = Debug|x64
		{03EBE3AE-CC05-4FD5-A7DD-B0A472E312CD}.Debug|x64.Deploy.0 = Debug|x64
		{03EBE3AE-CC05-4FD5-A7DD-B0A472E312CD}.Debug|x86.ActiveCfg = Debug|x86
		{03EBE3AE-CC05-4FD5-A7DD-B0A472E312CD}.Debug|x86.Build.0 = Debug|x86
		{03EBE3AE-CC05-4FD5-A7DD-B0A472E312CD}.Debug|x86.Deploy.0 = Debug|x86
		{03EBE3AE-CC05-4FD5-A7DD-B0A472E312CD}.Release|Any CPU.ActiveCfg = Release|x86
		{03EBE3AE-CC05-4FD5-A7DD-B0A472E312CD}.Release|ARM.ActiveCfg = Release|ARM
		{03EBE3AE-CC05-4FD5-A7DD-B0A472E312CD}.Release|ARM.Build.0 = Release|ARM
		{03EBE3AE-CC05-4FD5-A7DD-B0A472E312CD}.Release|ARM.Deploy.0 = Release|ARM
		{03EBE3AE-CC05-4FD5-A7DD-B0A472E312CD}.Release|ARM64.ActiveCfg = Release|ARM64
		{03EBE3AE-CC05-4FD5-A7DD-B0A472E312CD}.Release|ARM64.Build.0 = Release|ARM64
		{03EBE3AE-CC05-4FD5-A7DD-B0A472E312CD}.Release|ARM64.Deploy.0 = Release|ARM64
		{03EBE3AE-CC05-4FD5-A7DD-B0A472E312CD}.Release|x64.ActiveCfg = Release|x64
		{03EBE3AE-CC05-4FD5-A7DD-B0A472E312CD}.Release|x64.Build.0 = Release|x64
		{03EBE3AE-CC05-4FD5-A7DD-B0A472E312CD}.Release|x64.Deploy.0 = Release|x64
		{03EBE3AE-CC05-4FD5-A7DD-B0A472E312CD}.Release|x86.ActiveCfg = Release|x86
		{03EBE3AE-CC05-4FD5-A7DD-B0A472E312CD}.Release|x86.Build.0 = Release|x86
		{03EBE3AE-CC05-4FD5-A7DD-B0A472E312CD}.Release|x86.Deploy.0 = Release|x86
		{9485D213-A1C5-48D6-857F-19BC72AE7253}.Debug|Any CPU.ActiveCfg = Debug|Any CPU
		{9485D213-A1C5-48D6-857F-19BC72AE7253}.Debug|Any CPU.Build.0 = Debug|Any CPU
		{9485D213-A1C5-48D6-857F-19BC72AE7253}.Debug|ARM.ActiveCfg = Debug|ARM
		{9485D213-A1C5-48D6-857F-19BC72AE7253}.Debug|ARM.Build.0 = Debug|ARM
		{9485D213-A1C5-48D6-857F-19BC72AE7253}.Debug|ARM64.ActiveCfg = Debug|ARM64
		{9485D213-A1C5-48D6-857F-19BC72AE7253}.Debug|ARM64.Build.0 = Debug|ARM64
		{9485D213-A1C5-48D6-857F-19BC72AE7253}.Debug|x64.ActiveCfg = Debug|x64
		{9485D213-A1C5-48D6-857F-19BC72AE7253}.Debug|x64.Build.0 = Debug|x64
		{9485D213-A1C5-48D6-857F-19BC72AE7253}.Debug|x86.ActiveCfg = Debug|x86
		{9485D213-A1C5-48D6-857F-19BC72AE7253}.Debug|x86.Build.0 = Debug|x86
		{9485D213-A1C5-48D6-857F-19BC72AE7253}.Release|Any CPU.ActiveCfg = Release|Any CPU
		{9485D213-A1C5-48D6-857F-19BC72AE7253}.Release|Any CPU.Build.0 = Release|Any CPU
		{9485D213-A1C5-48D6-857F-19BC72AE7253}.Release|ARM.ActiveCfg = Release|ARM
		{9485D213-A1C5-48D6-857F-19BC72AE7253}.Release|ARM.Build.0 = Release|ARM
		{9485D213-A1C5-48D6-857F-19BC72AE7253}.Release|ARM64.ActiveCfg = Release|ARM64
		{9485D213-A1C5-48D6-857F-19BC72AE7253}.Release|ARM64.Build.0 = Release|ARM64
		{9485D213-A1C5-48D6-857F-19BC72AE7253}.Release|x64.ActiveCfg = Release|x64
		{9485D213-A1C5-48D6-857F-19BC72AE7253}.Release|x64.Build.0 = Release|x64
		{9485D213-A1C5-48D6-857F-19BC72AE7253}.Release|x86.ActiveCfg = Release|x86
		{9485D213-A1C5-48D6-857F-19BC72AE7253}.Release|x86.Build.0 = Release|x86
		{F0D53AD1-5442-4224-9BAE-B4A2A4384D7E}.Debug|Any CPU.ActiveCfg = Debug|Any CPU
		{F0D53AD1-5442-4224-9BAE-B4A2A4384D7E}.Debug|Any CPU.Build.0 = Debug|Any CPU
		{F0D53AD1-5442-4224-9BAE-B4A2A4384D7E}.Debug|ARM.ActiveCfg = Debug|Any CPU
		{F0D53AD1-5442-4224-9BAE-B4A2A4384D7E}.Debug|ARM.Build.0 = Debug|Any CPU
		{F0D53AD1-5442-4224-9BAE-B4A2A4384D7E}.Debug|ARM64.ActiveCfg = Debug|Any CPU
		{F0D53AD1-5442-4224-9BAE-B4A2A4384D7E}.Debug|ARM64.Build.0 = Debug|Any CPU
		{F0D53AD1-5442-4224-9BAE-B4A2A4384D7E}.Debug|x64.ActiveCfg = Debug|Any CPU
		{F0D53AD1-5442-4224-9BAE-B4A2A4384D7E}.Debug|x64.Build.0 = Debug|Any CPU
		{F0D53AD1-5442-4224-9BAE-B4A2A4384D7E}.Debug|x86.ActiveCfg = Debug|Any CPU
		{F0D53AD1-5442-4224-9BAE-B4A2A4384D7E}.Debug|x86.Build.0 = Debug|Any CPU
		{F0D53AD1-5442-4224-9BAE-B4A2A4384D7E}.Release|Any CPU.ActiveCfg = Release|Any CPU
		{F0D53AD1-5442-4224-9BAE-B4A2A4384D7E}.Release|Any CPU.Build.0 = Release|Any CPU
		{F0D53AD1-5442-4224-9BAE-B4A2A4384D7E}.Release|ARM.ActiveCfg = Release|Any CPU
		{F0D53AD1-5442-4224-9BAE-B4A2A4384D7E}.Release|ARM.Build.0 = Release|Any CPU
		{F0D53AD1-5442-4224-9BAE-B4A2A4384D7E}.Release|ARM64.ActiveCfg = Release|Any CPU
		{F0D53AD1-5442-4224-9BAE-B4A2A4384D7E}.Release|ARM64.Build.0 = Release|Any CPU
		{F0D53AD1-5442-4224-9BAE-B4A2A4384D7E}.Release|x64.ActiveCfg = Release|Any CPU
		{F0D53AD1-5442-4224-9BAE-B4A2A4384D7E}.Release|x64.Build.0 = Release|Any CPU
		{F0D53AD1-5442-4224-9BAE-B4A2A4384D7E}.Release|x86.ActiveCfg = Release|Any CPU
		{F0D53AD1-5442-4224-9BAE-B4A2A4384D7E}.Release|x86.Build.0 = Release|Any CPU
		{29DF246E-83BA-4BB6-BAB8-E4EE6F7DF67F}.Debug|Any CPU.ActiveCfg = Debug|Any CPU
		{29DF246E-83BA-4BB6-BAB8-E4EE6F7DF67F}.Debug|Any CPU.Build.0 = Debug|Any CPU
		{29DF246E-83BA-4BB6-BAB8-E4EE6F7DF67F}.Debug|ARM.ActiveCfg = Debug|Any CPU
		{29DF246E-83BA-4BB6-BAB8-E4EE6F7DF67F}.Debug|ARM.Build.0 = Debug|Any CPU
		{29DF246E-83BA-4BB6-BAB8-E4EE6F7DF67F}.Debug|ARM64.ActiveCfg = Debug|Any CPU
		{29DF246E-83BA-4BB6-BAB8-E4EE6F7DF67F}.Debug|ARM64.Build.0 = Debug|Any CPU
		{29DF246E-83BA-4BB6-BAB8-E4EE6F7DF67F}.Debug|x64.ActiveCfg = Debug|Any CPU
		{29DF246E-83BA-4BB6-BAB8-E4EE6F7DF67F}.Debug|x64.Build.0 = Debug|Any CPU
		{29DF246E-83BA-4BB6-BAB8-E4EE6F7DF67F}.Debug|x86.ActiveCfg = Debug|Any CPU
		{29DF246E-83BA-4BB6-BAB8-E4EE6F7DF67F}.Debug|x86.Build.0 = Debug|Any CPU
		{29DF246E-83BA-4BB6-BAB8-E4EE6F7DF67F}.Release|Any CPU.ActiveCfg = Release|Any CPU
		{29DF246E-83BA-4BB6-BAB8-E4EE6F7DF67F}.Release|Any CPU.Build.0 = Release|Any CPU
		{29DF246E-83BA-4BB6-BAB8-E4EE6F7DF67F}.Release|ARM.ActiveCfg = Release|Any CPU
		{29DF246E-83BA-4BB6-BAB8-E4EE6F7DF67F}.Release|ARM.Build.0 = Release|Any CPU
		{29DF246E-83BA-4BB6-BAB8-E4EE6F7DF67F}.Release|ARM64.ActiveCfg = Release|Any CPU
		{29DF246E-83BA-4BB6-BAB8-E4EE6F7DF67F}.Release|ARM64.Build.0 = Release|Any CPU
		{29DF246E-83BA-4BB6-BAB8-E4EE6F7DF67F}.Release|x64.ActiveCfg = Release|Any CPU
		{29DF246E-83BA-4BB6-BAB8-E4EE6F7DF67F}.Release|x64.Build.0 = Release|Any CPU
		{29DF246E-83BA-4BB6-BAB8-E4EE6F7DF67F}.Release|x86.ActiveCfg = Release|Any CPU
		{29DF246E-83BA-4BB6-BAB8-E4EE6F7DF67F}.Release|x86.Build.0 = Release|Any CPU
	EndGlobalSection
	GlobalSection(SolutionProperties) = preSolution
		HideSolutionNode = FALSE
	EndGlobalSection
	GlobalSection(ExtensibilityGlobals) = postSolution
		SolutionGuid = {78D2D743-C15C-407C-B959-6E52E493AE55}
	EndGlobalSection
EndGlobal
